
Microsoft Visual Studio Solution File, Format Version 12.00
# Visual Studio Version 16
VisualStudioVersion = 16.0.31402.337
MinimumVisualStudioVersion = 10.0.40219.1
Project("{FAE04EC0-301F-11D3-BF4B-00C04F79EFBC}") = "GraduationThesis", "GraduationThesis.csproj", "{636BBA2E-541B-4CB3-A2B0-F4A39B4B22EF}"
EndProject
Global
	GlobalSection(SolutionConfigurationPlatforms) = preSolution
		Debug|Any CPU = Debug|Any CPU
		Release|Any CPU = Release|Any CPU
	EndGlobalSection
	GlobalSection(ProjectConfigurationPlatforms) = postSolution
		{636BBA2E-541B-4CB3-A2B0-F4A39B4B22EF}.Debug|Any CPU.ActiveCfg = Debug|Any CPU
		{636BBA2E-541B-4CB3-A2B0-F4A39B4B22EF}.Debug|Any CPU.Build.0 = Debug|Any CPU
		{636BBA2E-541B-4CB3-A2B0-F4A39B4B22EF}.Release|Any CPU.ActiveCfg = Release|Any CPU
		{636BBA2E-541B-4CB3-A2B0-F4A39B4B22EF}.Release|Any CPU.Build.0 = Release|Any CPU
	EndGlobalSection
	GlobalSection(SolutionProperties) = preSolution
		HideSolutionNode = FALSE
	EndGlobalSection
	GlobalSection(ExtensibilityGlobals) = postSolution
		SolutionGuid = {0E752989-579A-45FD-915C-43304376ED4B}
	EndGlobalSection
EndGlobal
